{
  "name": "ducksimulatoronline",
  "version": "1.0.0",
  "lockfileVersion": 3,
  "requires": true,
  "packages": {
    "": {
      "name": "ducksimulatoronline",
      "version": "1.0.0",
      "workspaces": [
        "packages/bot",
        "packages/website",
        "packages/shared"
      ]
    },
    "node_modules/bot": {
      "resolved": "packages/bot",
      "link": true
    },
    "node_modules/shared": {
      "resolved": "packages/shared",
      "link": true
    },
    "node_modules/website": {
      "resolved": "packages/website",
      "link": true
    },
    "packages/bot": {
      "version": "1.0.0"
    },
    "packages/shared": {
      "version": "1.0.0",
      "license": "ISC",
      "devDependencies": {}
    },
    "packages/website": {
      "version": "1.0.0"
    }
  }
}
